
Microsoft Visual Studio Solution File, Format Version 12.00
# Visual Studio Version 16
VisualStudioVersion = 16.0.32002.261
MinimumVisualStudioVersion = 10.0.40219.1
Project("{FAE04EC0-301F-11D3-BF4B-00C04F79EFBC}") = "MigratorBugTest", "MigratorBugTest\MigratorBugTest.csproj", "{103526D9-8B07-43F9-AF3A-B228BA09F741}"
EndProject
Global
	GlobalSection(SolutionConfigurationPlatforms) = preSolution
		Debug|Any CPU = Debug|Any CPU
		Release|Any CPU = Release|Any CPU
	EndGlobalSection
	GlobalSection(ProjectConfigurationPlatforms) = postSolution
		{103526D9-8B07-43F9-AF3A-B228BA09F741}.Debug|Any CPU.ActiveCfg = Debug|Any CPU
		{103526D9-8B07-43F9-AF3A-B228BA09F741}.Debug|Any CPU.Build.0 = Debug|Any CPU
		{103526D9-8B07-43F9-AF3A-B228BA09F741}.Release|Any CPU.ActiveCfg = Release|Any CPU
		{103526D9-8B07-43F9-AF3A-B228BA09F741}.Release|Any CPU.Build.0 = Release|Any CPU
	EndGlobalSection
	GlobalSection(SolutionProperties) = preSolution
		HideSolutionNode = FALSE
	EndGlobalSection
	GlobalSection(ExtensibilityGlobals) = postSolution
		SolutionGuid = {9BD756D1-9144-466C-B946-0DA73D553FA9}
	EndGlobalSection
EndGlobal
